
Microsoft Visual Studio Solution File, Format Version 12.00
# Visual Studio Version 17
VisualStudioVersion = 17.9.34723.18
MinimumVisualStudioVersion = 10.0.40219.1
Project("{9A19103F-16F7-4668-BE54-9A1E7A4F7556}") = "DeLampenFabriek", "DeLampenFabriek\DeLampenFabriek.csproj", "{C3FA838E-2AD4-40C8-989B-1F1B08278991}"
EndProject
Project("{FAE04EC0-301F-11D3-BF4B-00C04F79EFBC}") = "Tekenen", "Tekenen\Tekenen.csproj", "{8A11BACA-F7C8-4278-832E-F5030B526D2F}"
EndProject
Global
	GlobalSection(SolutionConfigurationPlatforms) = preSolution
		Debug|Any CPU = Debug|Any CPU
		Release|Any CPU = Release|Any CPU
	EndGlobalSection
	GlobalSection(ProjectConfigurationPlatforms) = postSolution
		{C3FA838E-2AD4-40C8-989B-1F1B08278991}.Debug|Any CPU.ActiveCfg = Debug|Any CPU
		{C3FA838E-2AD4-40C8-989B-1F1B08278991}.Debug|Any CPU.Build.0 = Debug|Any CPU
		{C3FA838E-2AD4-40C8-989B-1F1B08278991}.Release|Any CPU.ActiveCfg = Release|Any CPU
		{C3FA838E-2AD4-40C8-989B-1F1B08278991}.Release|Any CPU.Build.0 = Release|Any CPU
		{8A11BACA-F7C8-4278-832E-F5030B526D2F}.Debug|Any CPU.ActiveCfg = Debug|Any CPU
		{8A11BACA-F7C8-4278-832E-F5030B526D2F}.Debug|Any CPU.Build.0 = Debug|Any CPU
		{8A11BACA-F7C8-4278-832E-F5030B526D2F}.Release|Any CPU.ActiveCfg = Release|Any CPU
		{8A11BACA-F7C8-4278-832E-F5030B526D2F}.Release|Any CPU.Build.0 = Release|Any CPU
	EndGlobalSection
	GlobalSection(SolutionProperties) = preSolution
		HideSolutionNode = FALSE
	EndGlobalSection
	GlobalSection(ExtensibilityGlobals) = postSolution
		SolutionGuid = {63046E59-62C0-4A8F-AC98-5FA2C89B9ED4}
	EndGlobalSection
EndGlobal
